
Microsoft Visual Studio Solution File, Format Version 12.00
# Visual Studio Version 17
VisualStudioVersion = 17.14.36414.22
MinimumVisualStudioVersion = 10.0.40219.1
Project("{FAE04EC0-301F-11D3-BF4B-00C04F79EFBC}") = "GenAlpha.API", "MiniLMS.API\MiniLMS.API.csproj", "{9595C1F8-C982-4A4C-82D1-89B16181F30A}"
EndProject
Project("{FAE04EC0-301F-11D3-BF4B-00C04F79EFBC}") = "GenAlpha.Business", "MiniLMS.Business\MiniLMS.Business.csproj", "{E392A817-F213-4370-95B3-626AD0D1E7C9}"
EndProject
Project("{FAE04EC0-301F-11D3-BF4B-00C04F79EFBC}") = "GenAlpha.DAL", "MiniLMS.Data\MiniLMS.DAL.csproj", "{D6EB6725-1393-40AB-9E3D-ED8D6F02E134}"
EndProject
Global
	GlobalSection(SolutionConfigurationPlatforms) = preSolution
		Debug|Any CPU = Debug|Any CPU
		Release|Any CPU = Release|Any CPU
	EndGlobalSection
	GlobalSection(ProjectConfigurationPlatforms) = postSolution
		{9595C1F8-C982-4A4C-82D1-89B16181F30A}.Debug|Any CPU.ActiveCfg = Debug|Any CPU
		{9595C1F8-C982-4A4C-82D1-89B16181F30A}.Debug|Any CPU.Build.0 = Debug|Any CPU
		{9595C1F8-C982-4A4C-82D1-89B16181F30A}.Release|Any CPU.ActiveCfg = Release|Any CPU
		{9595C1F8-C982-4A4C-82D1-89B16181F30A}.Release|Any CPU.Build.0 = Release|Any CPU
		{E392A817-F213-4370-95B3-626AD0D1E7C9}.Debug|Any CPU.ActiveCfg = Debug|Any CPU
		{E392A817-F213-4370-95B3-626AD0D1E7C9}.Debug|Any CPU.Build.0 = Debug|Any CPU
		{E392A817-F213-4370-95B3-626AD0D1E7C9}.Release|Any CPU.ActiveCfg = Release|Any CPU
		{E392A817-F213-4370-95B3-626AD0D1E7C9}.Release|Any CPU.Build.0 = Release|Any CPU
		{D6EB6725-1393-40AB-9E3D-ED8D6F02E134}.Debug|Any CPU.ActiveCfg = Debug|Any CPU
		{D6EB6725-1393-40AB-9E3D-ED8D6F02E134}.Debug|Any CPU.Build.0 = Debug|Any CPU
		{D6EB6725-1393-40AB-9E3D-ED8D6F02E134}.Release|Any CPU.ActiveCfg = Release|Any CPU
		{D6EB6725-1393-40AB-9E3D-ED8D6F02E134}.Release|Any CPU.Build.0 = Release|Any CPU
	EndGlobalSection
	GlobalSection(SolutionProperties) = preSolution
		HideSolutionNode = FALSE
	EndGlobalSection
	GlobalSection(ExtensibilityGlobals) = postSolution
		SolutionGuid = {7EEEFCC9-4984-4C6B-80F7-FC78322352A7}
	EndGlobalSection
EndGlobal
